
Microsoft Visual Studio Solution File, Format Version 12.00
# Visual Studio 14
VisualStudioVersion = 14.0.25420.1
MinimumVisualStudioVersion = 10.0.40219.1
Project("{2150E333-8FDC-42A3-9474-1A3956D46DE8}") = "Solution Items", "Solution Items", "{E3BE2F83-EF47-465C-8066-915F86E2D5C6}"
	ProjectSection(SolutionItems) = preProject
		cn-setup.bat = cn-setup.bat
		cn-setup.ps1 = cn-setup.ps1
		cn-setup.sh = cn-setup.sh
		deploy-keyvault.json = deploy-keyvault.json
		deploy-master.json = deploy-master.json
		deploy-nodes.json = deploy-nodes.json
		ListNodes.ps1 = ListNodes.ps1
		master-linux-resources.json = master-linux-resources.json
		master-linux-script.json = master-linux-script.json
		master-setup.ps1 = master-setup.ps1
		master-setup.sh = master-setup.sh
		master-shared-resources.json = master-shared-resources.json
		master-windows-resources.json = master-windows-resources.json
		monitoring-none.json = monitoring-none.json
		nodes-linux-resources-md.json = nodes-linux-resources-md.json
		nodes-linux-resources.json = nodes-linux-resources.json
		nodes-windows-resources.json = nodes-windows-resources.json
		nsg-master-linux.json = nsg-master-linux.json
		nsg-master-windows.json = nsg-master-windows.json
		README.md = README.md
		scheduler-none.json = scheduler-none.json
		shared-resources.json = shared-resources.json
		storage-none.json = storage-none.json
	EndProjectSection
EndProject
Project("{2150E333-8FDC-42A3-9474-1A3956D46DE8}") = "BeeGFS", "BeeGFS", "{61C5DCA9-5630-40B9-8C6E-DBB067C1AFE8}"
	ProjectSection(SolutionItems) = preProject
		BeeGFS\beegfs-node-resources.json = BeeGFS\beegfs-node-resources.json
		BeeGFS\beegfs-script.json = BeeGFS\beegfs-script.json
		BeeGFS\deploy-beegfs-vmss.json = BeeGFS\deploy-beegfs-vmss.json
		BeeGFS\deploy-beegfs.json = BeeGFS\deploy-beegfs.json
		BeeGFS\install_beegfs.sh = BeeGFS\install_beegfs.sh
		BeeGFS\install_beegfs_client-centos6x.sh = BeeGFS\install_beegfs_client-centos6x.sh
		BeeGFS\install_beegfs_client.sh = BeeGFS\install_beegfs_client.sh
		BeeGFS\install_beegfs_mgmt.sh = BeeGFS\install_beegfs_mgmt.sh
	EndProjectSection
EndProject
Project("{2150E333-8FDC-42A3-9474-1A3956D46DE8}") = "PBSPro", "PBSPro", "{992206B4-5289-43B8-8E4B-529FCCEDA380}"
	ProjectSection(SolutionItems) = preProject
		PBSPro\createqueue.sh = PBSPro\createqueue.sh
		PBSPro\delete_nodes_down.sh = PBSPro\delete_nodes_down.sh
		PBSPro\install_pbspro.sh = PBSPro\install_pbspro.sh
		PBSPro\pbs_selfregister.sh = PBSPro\pbs_selfregister.sh
		PBSPro\pbspro.json = PBSPro\pbspro.json
	EndProjectSection
EndProject
Project("{2150E333-8FDC-42A3-9474-1A3956D46DE8}") = "Ganglia", "Ganglia", "{4E81BC70-7F00-430C-8AA0-1B759DAE0DD9}"
	ProjectSection(SolutionItems) = preProject
		Ganglia\ganglia.json = Ganglia\ganglia.json
		Ganglia\install_ganglia.sh = Ganglia\install_ganglia.sh
		Ganglia\install_gmetad.sh = Ganglia\install_gmetad.sh
		Ganglia\install_gmond.sh = Ganglia\install_gmond.sh
	EndProjectSection
EndProject
Project("{2150E333-8FDC-42A3-9474-1A3956D46DE8}") = "CustomImage", "CustomImage", "{5C4514E4-75B6-46FC-8F1F-786521A42C6C}"
	ProjectSection(SolutionItems) = preProject
		CustomImage\bootstrap.sh = CustomImage\bootstrap.sh
		CustomImage\CustomImage.md = CustomImage\CustomImage.md
		CustomImage\deploy-customimage.json = CustomImage\deploy-customimage.json
		CustomImage\download.json = CustomImage\download.json
		CustomImage\download.sh = CustomImage\download.sh
		CustomImage\nodes-resources.json = CustomImage\nodes-resources.json
		CustomImage\transfer-customimage.json = CustomImage\transfer-customimage.json
		CustomImage\transferVM.json = CustomImage\transferVM.json
		CustomImage\upload.json = CustomImage\upload.json
		CustomImage\upload.sh = CustomImage\upload.sh
	EndProjectSection
EndProject
Project("{2150E333-8FDC-42A3-9474-1A3956D46DE8}") = "doc", "doc", "{A264E811-0100-4D91-8A2C-580B393FAA3C}"
	ProjectSection(SolutionItems) = preProject
		doc\Infra.PNG = doc\Infra.PNG
	EndProjectSection
EndProject
Project("{2150E333-8FDC-42A3-9474-1A3956D46DE8}") = "Samples", "Samples", "{39C4279A-A9CF-4D1F-9916-B68AFBC534FD}"
EndProject
Project("{2150E333-8FDC-42A3-9474-1A3956D46DE8}") = "4nodes-centos71-pbs-IB", "4nodes-centos71-pbs-IB", "{DF994C48-E6A9-41C0-9C46-1E1D7982B0BB}"
	ProjectSection(SolutionItems) = preProject
		Samples\4nodes-centos71-pbs-IB\master.param.json = Samples\4nodes-centos71-pbs-IB\master.param.json
		Samples\4nodes-centos71-pbs-IB\nodes.param.json = Samples\4nodes-centos71-pbs-IB\nodes.param.json
		Samples\4nodes-centos71-pbs-IB\README.md = Samples\4nodes-centos71-pbs-IB\README.md
	EndProjectSection
EndProject
Project("{2150E333-8FDC-42A3-9474-1A3956D46DE8}") = "NFS", "NFS", "{7088833E-68FB-4F71-A856-D4B17BD603AC}"
	ProjectSection(SolutionItems) = preProject
		nfs\install_nfs.sh = nfs\install_nfs.sh
		nfs\nfsonmaster.json = nfs\nfsonmaster.json
	EndProjectSection
EndProject
Project("{2150E333-8FDC-42A3-9474-1A3956D46DE8}") = "apps", "apps", "{871F1DE3-BD9A-4EF6-BB10-D911B1392336}"
EndProject
Project("{2150E333-8FDC-42A3-9474-1A3956D46DE8}") = "star-ccm", "star-ccm", "{93F12BE7-FD27-4B7E-9A3B-9331AAC21929}"
	ProjectSection(SolutionItems) = preProject
		apps\star-ccm\copydata.pbs = apps\star-ccm\copydata.pbs
		apps\star-ccm\download.pbs = apps\star-ccm\download.pbs
		apps\star-ccm\install-starccm.sh = apps\star-ccm\install-starccm.sh
		apps\star-ccm\qsubstar.sh = apps\star-ccm\qsubstar.sh
		apps\star-ccm\starccm.pbs = apps\star-ccm\starccm.pbs
	EndProjectSection
EndProject
Project("{2150E333-8FDC-42A3-9474-1A3956D46DE8}") = "pallas", "pallas", "{609213A0-3270-4DD3-ABB4-B99F03772D16}"
	ProjectSection(SolutionItems) = preProject
		apps\pallas\mpipingpong.sh = apps\pallas\mpipingpong.sh
	EndProjectSection
EndProject
Project("{2150E333-8FDC-42A3-9474-1A3956D46DE8}") = "chainer", "chainer", "{5289AA12-6F9D-408E-BA3B-1CEFE2843CF4}"
	ProjectSection(SolutionItems) = preProject
		apps\chainer\chainer-script.json = apps\chainer\chainer-script.json
		apps\chainer\deploy-chainer-docker.json = apps\chainer\deploy-chainer-docker.json
		apps\chainer\deploy-chainer.json = apps\chainer\deploy-chainer.json
		apps\chainer\deploy-chainermn.json = apps\chainer\deploy-chainermn.json
		apps\chainer\install-chainer.sh = apps\chainer\install-chainer.sh
		apps\chainer\setup_chainermn.yml = apps\chainer\setup_chainermn.yml
	EndProjectSection
EndProject
Project("{2150E333-8FDC-42A3-9474-1A3956D46DE8}") = "openfoam", "openfoam", "{9C14DE8F-7CD4-4DD7-96C0-FB6EEAC53AC6}"
	ProjectSection(SolutionItems) = preProject
		apps\openfoam\copydata.pbs = apps\openfoam\copydata.pbs
		apps\openfoam\download.pbs = apps\openfoam\download.pbs
		apps\openfoam\install-openfoam.sh = apps\openfoam\install-openfoam.sh
		apps\openfoam\openfoam.pbs = apps\openfoam\openfoam.pbs
		apps\openfoam\qsubopenfoam.sh = apps\openfoam\qsubopenfoam.sh
	EndProjectSection
EndProject
Global
	GlobalSection(SolutionProperties) = preSolution
		HideSolutionNode = FALSE
	EndGlobalSection
	GlobalSection(NestedProjects) = preSolution
		{61C5DCA9-5630-40B9-8C6E-DBB067C1AFE8} = {E3BE2F83-EF47-465C-8066-915F86E2D5C6}
		{992206B4-5289-43B8-8E4B-529FCCEDA380} = {E3BE2F83-EF47-465C-8066-915F86E2D5C6}
		{4E81BC70-7F00-430C-8AA0-1B759DAE0DD9} = {E3BE2F83-EF47-465C-8066-915F86E2D5C6}
		{5C4514E4-75B6-46FC-8F1F-786521A42C6C} = {E3BE2F83-EF47-465C-8066-915F86E2D5C6}
		{A264E811-0100-4D91-8A2C-580B393FAA3C} = {E3BE2F83-EF47-465C-8066-915F86E2D5C6}
		{39C4279A-A9CF-4D1F-9916-B68AFBC534FD} = {E3BE2F83-EF47-465C-8066-915F86E2D5C6}
		{DF994C48-E6A9-41C0-9C46-1E1D7982B0BB} = {39C4279A-A9CF-4D1F-9916-B68AFBC534FD}
		{7088833E-68FB-4F71-A856-D4B17BD603AC} = {E3BE2F83-EF47-465C-8066-915F86E2D5C6}
		{871F1DE3-BD9A-4EF6-BB10-D911B1392336} = {E3BE2F83-EF47-465C-8066-915F86E2D5C6}
		{93F12BE7-FD27-4B7E-9A3B-9331AAC21929} = {871F1DE3-BD9A-4EF6-BB10-D911B1392336}
		{609213A0-3270-4DD3-ABB4-B99F03772D16} = {871F1DE3-BD9A-4EF6-BB10-D911B1392336}
		{5289AA12-6F9D-408E-BA3B-1CEFE2843CF4} = {871F1DE3-BD9A-4EF6-BB10-D911B1392336}
		{9C14DE8F-7CD4-4DD7-96C0-FB6EEAC53AC6} = {871F1DE3-BD9A-4EF6-BB10-D911B1392336}
	EndGlobalSection
EndGlobal
